
Microsoft Visual Studio Solution File, Format Version 12.00
# Visual Studio Version 17
VisualStudioVersion = 17.3.32811.315
MinimumVisualStudioVersion = 10.0.40219.1
Project("{FAE04EC0-301F-11D3-BF4B-00C04F79EFBC}") = "AgendaContatos", "AgendaContatos\AgendaContatos.csproj", "{DD263AAA-E762-4848-901E-368C9032E282}"
EndProject
Global
	GlobalSection(SolutionConfigurationPlatforms) = preSolution
		Debug|Any CPU = Debug|Any CPU
		Release|Any CPU = Release|Any CPU
	EndGlobalSection
	GlobalSection(ProjectConfigurationPlatforms) = postSolution
		{DD263AAA-E762-4848-901E-368C9032E282}.Debug|Any CPU.ActiveCfg = Debug|Any CPU
		{DD263AAA-E762-4848-901E-368C9032E282}.Debug|Any CPU.Build.0 = Debug|Any CPU
		{DD263AAA-E762-4848-901E-368C9032E282}.Release|Any CPU.ActiveCfg = Release|Any CPU
		{DD263AAA-E762-4848-901E-368C9032E282}.Release|Any CPU.Build.0 = Release|Any CPU
	EndGlobalSection
	GlobalSection(SolutionProperties) = preSolution
		HideSolutionNode = FALSE
	EndGlobalSection
	GlobalSection(ExtensibilityGlobals) = postSolution
		SolutionGuid = {3B3EE4C4-1306-42FE-9406-89C2A9BF1C8C}
	EndGlobalSection
EndGlobal
